
Microsoft Visual Studio Solution File, Format Version 12.00
# Visual Studio Version 16
VisualStudioVersion = 16.0.31025.194
MinimumVisualStudioVersion = 10.0.40219.1
Project("{9A19103F-16F7-4668-BE54-9A1E7A4F7556}") = "CRUD.Api", "CRUD.Api\CRUD.Api.csproj", "{EB0B64B2-CA09-4BBF-8EE5-0AFACCBFD637}"
EndProject
Project("{9A19103F-16F7-4668-BE54-9A1E7A4F7556}") = "CRUD.Data", "CRUD.Data\CRUD.Data.csproj", "{90775E78-1941-4372-962D-CFD730BE0B12}"
EndProject
Project("{9A19103F-16F7-4668-BE54-9A1E7A4F7556}") = "CRUD.Model", "CRUD.Model\CRUD.Model.csproj", "{9CA07A9A-898F-4F14-B3BF-0C079363CF87}"
EndProject
Project("{9A19103F-16F7-4668-BE54-9A1E7A4F7556}") = "CRUD.Services", "CRUD.Services\CRUD.Services.csproj", "{CF62AE02-B3EF-4E3B-AB93-E424B73B89BF}"
EndProject
Project("{9A19103F-16F7-4668-BE54-9A1E7A4F7556}") = "CRUD.Web", "CRUD.Web\CRUD.Web.csproj", "{5F976DD3-F33F-4B4C-9948-CD9D65DB1521}"
EndProject
Global
	GlobalSection(SolutionConfigurationPlatforms) = preSolution
		Debug|Any CPU = Debug|Any CPU
		Release|Any CPU = Release|Any CPU
	EndGlobalSection
	GlobalSection(ProjectConfigurationPlatforms) = postSolution
		{EB0B64B2-CA09-4BBF-8EE5-0AFACCBFD637}.Debug|Any CPU.ActiveCfg = Debug|Any CPU
		{EB0B64B2-CA09-4BBF-8EE5-0AFACCBFD637}.Debug|Any CPU.Build.0 = Debug|Any CPU
		{EB0B64B2-CA09-4BBF-8EE5-0AFACCBFD637}.Release|Any CPU.ActiveCfg = Release|Any CPU
		{EB0B64B2-CA09-4BBF-8EE5-0AFACCBFD637}.Release|Any CPU.Build.0 = Release|Any CPU
		{90775E78-1941-4372-962D-CFD730BE0B12}.Debug|Any CPU.ActiveCfg = Debug|Any CPU
		{90775E78-1941-4372-962D-CFD730BE0B12}.Debug|Any CPU.Build.0 = Debug|Any CPU
		{90775E78-1941-4372-962D-CFD730BE0B12}.Release|Any CPU.ActiveCfg = Release|Any CPU
		{90775E78-1941-4372-962D-CFD730BE0B12}.Release|Any CPU.Build.0 = Release|Any CPU
		{9CA07A9A-898F-4F14-B3BF-0C079363CF87}.Debug|Any CPU.ActiveCfg = Debug|Any CPU
		{9CA07A9A-898F-4F14-B3BF-0C079363CF87}.Debug|Any CPU.Build.0 = Debug|Any CPU
		{9CA07A9A-898F-4F14-B3BF-0C079363CF87}.Release|Any CPU.ActiveCfg = Release|Any CPU
		{9CA07A9A-898F-4F14-B3BF-0C079363CF87}.Release|Any CPU.Build.0 = Release|Any CPU
		{CF62AE02-B3EF-4E3B-AB93-E424B73B89BF}.Debug|Any CPU.ActiveCfg = Debug|Any CPU
		{CF62AE02-B3EF-4E3B-AB93-E424B73B89BF}.Debug|Any CPU.Build.0 = Debug|Any CPU
		{CF62AE02-B3EF-4E3B-AB93-E424B73B89BF}.Release|Any CPU.ActiveCfg = Release|Any CPU
		{CF62AE02-B3EF-4E3B-AB93-E424B73B89BF}.Release|Any CPU.Build.0 = Release|Any CPU
		{5F976DD3-F33F-4B4C-9948-CD9D65DB1521}.Debug|Any CPU.ActiveCfg = Debug|Any CPU
		{5F976DD3-F33F-4B4C-9948-CD9D65DB1521}.Debug|Any CPU.Build.0 = Debug|Any CPU
		{5F976DD3-F33F-4B4C-9948-CD9D65DB1521}.Release|Any CPU.ActiveCfg = Release|Any CPU
		{5F976DD3-F33F-4B4C-9948-CD9D65DB1521}.Release|Any CPU.Build.0 = Release|Any CPU
	EndGlobalSection
	GlobalSection(SolutionProperties) = preSolution
		HideSolutionNode = FALSE
	EndGlobalSection
	GlobalSection(ExtensibilityGlobals) = postSolution
		SolutionGuid = {57A7E518-B2C2-447D-81B7-40E278B7BCA0}
	EndGlobalSection
EndGlobal
